lockfileVersion: '9.0'

settings:
  autoInstallPeers: true
  excludeLinksFromLockfile: false

importers:

  .:
    dependencies:
      '@bencmbrook/aes_gcm_stream':
        specifier: file:../
        version: file:..
      tinybench:
        specifier: ^4.0.1
        version: 4.0.1

packages:

  '@bencmbrook/aes_gcm_stream@file:..':
    resolution: {directory: .., type: directory}

  tinybench@4.0.1:
    resolution: {integrity: sha512-Nb1srn7dvzkVx0J5h1vq8f48e3TIcbrS7e/UfAI/cDSef/n8yLh4zsAEsFkfpw6auTY+ZaspEvam/xs8nMnotQ==}
    engines: {node: '>=18.0.0'}

snapshots:

  '@bencmbrook/aes_gcm_stream@file:..': {}

  tinybench@4.0.1: {}
